// !$*UTF8*$!
{
	archiveVersion = 1;
	classes = {
	};
	objectVersion = 46;
	objects = {

/* Begin PBXBuildFile section */
		C5454C321F58917D00866234 /* Employee.cpp in Sources */ = {isa = PBXBuildFile; fileRef = C5454C311F58917D00866234 /* Employee.cpp */; };
		C5454C351F5894A100866234 /* SalariedEmployee.cpp in Sources */ = {isa = PBXBuildFile; fileRef = C5454C341F5894A100866234 /* SalariedEmployee.cpp */; };
		C58F37FD1F55E20F00F2137C /* main.cpp in Sources */ = {isa = PBXBuildFile; fileRef = C58F37FC1F55E20F00F2137C /* main.cpp */; };
		C58F38051F55E45A00F2137C /* CommissionEmployee.cpp in Sources */ = {isa = PBXBuildFile; fileRef = C58F38041F55E45A00F2137C /* CommissionEmployee.cpp */; };
		C58F38081F55F3BA00F2137C /* BasePlusCommissionEmployee.cpp in Sources */ = {isa = PBXBuildFile; fileRef = C58F38071F55F3BA00F2137C /* BasePlusCommissionEmployee.cpp */; };
/* End PBXBuildFile section */

/* Begin PBXCopyFilesBuildPhase section */
		C58F37F71F55E20F00F2137C /* CopyFiles */ = {
			isa = PBXCopyFilesBuildPhase;
			buildActionMask = 2147483647;
			dstPath = /usr/share/man/man1/;
			dstSubfolderSpec = 0;
			files = (
			);
			runOnlyForDeploymentPostprocessing = 1;
		};
/* End PBXCopyFilesBuildPhase section */

/* Begin PBXFileReference section */
		C5454C2F1F58902100866234 /* Employee.h */ = {isa = PBXFileReference; lastKnownFileType = sourcecode.c.h; path = Employee.h; sourceTree = "<group>"; };
		C5454C311F58917D00866234 /* Employee.cpp */ = {isa = PBXFileReference; fileEncoding = 4; lastKnownFileType = sourcecode.cpp.cpp; path = Employee.cpp; sourceTree = "<group>"; };
		C5454C331F5893AE00866234 /* SalariedEmployee.h */ = {isa = PBXFileReference; lastKnownFileType = sourcecode.c.h; path = SalariedEmployee.h; sourceTree = "<group>"; };
		C5454C341F5894A100866234 /* SalariedEmployee.cpp */ = {isa = PBXFileReference; fileEncoding = 4; lastKnownFileType = sourcecode.cpp.cpp; path = SalariedEmployee.cpp; sourceTree = "<group>"; };
		C58F37F91F55E20F00F2137C /* Chapter11 */ = {isa = PBXFileReference; explicitFileType = "compiled.mach-o.executable"; includeInIndex = 0; path = Chapter11; sourceTree = BUILT_PRODUCTS_DIR; };
		C58F37FC1F55E20F00F2137C /* main.cpp */ = {isa = PBXFileReference; lastKnownFileType = sourcecode.cpp.cpp; path = main.cpp; sourceTree = "<group>"; };
		C58F38031F55E23100F2137C /* CommissionEmployee.h */ = {isa = PBXFileReference; lastKnownFileType = sourcecode.c.h; path = CommissionEmployee.h; sourceTree = "<group>"; };
		C58F38041F55E45A00F2137C /* CommissionEmployee.cpp */ = {isa = PBXFileReference; fileEncoding = 4; lastKnownFileType = sourcecode.cpp.cpp; path = CommissionEmployee.cpp; sourceTree = "<group>"; };
		C58F38061F55F2A600F2137C /* BasePlusCommissionEmployee.h */ = {isa = PBXFileReference; lastKnownFileType = sourcecode.c.h; path = BasePlusCommissionEmployee.h; sourceTree = "<group>"; };
		C58F38071F55F3BA00F2137C /* BasePlusCommissionEmployee.cpp */ = {isa = PBXFileReference; fileEncoding = 4; lastKnownFileType = sourcecode.cpp.cpp; path = BasePlusCommissionEmployee.cpp; sourceTree = "<group>"; };
/* End PBXFileReference section */

/* Begin PBXFrameworksBuildPhase section */
		C58F37F61F55E20F00F2137C /* Frameworks */ = {
			isa = PBXFrameworksBuildPhase;
			buildActionMask = 2147483647;
			files = (
			);
			runOnlyForDeploymentPostprocessing = 0;
		};
/* End PBXFrameworksBuildPhase section */

/* Begin PBXGroup section */
		C58F37F01F55E20E00F2137C = {
			isa = PBXGroup;
			children = (
				C58F37FB1F55E20F00F2137C /* Chapter11 */,
				C58F37FA1F55E20F00F2137C /* Products */,
			);
			sourceTree = "<group>";
		};
		C58F37FA1F55E20F00F2137C /* Products */ = {
			isa = PBXGroup;
			children = (
				C58F37F91F55E20F00F2137C /* Chapter11 */,
			);
			name = Products;
			sourceTree = "<group>";
		};
		C58F37FB1F55E20F00F2137C /* Chapter11 */ = {
			isa = PBXGroup;
			children = (
				C58F37FC1F55E20F00F2137C /* main.cpp */,
				C58F38031F55E23100F2137C /* CommissionEmployee.h */,
				C58F38041F55E45A00F2137C /* CommissionEmployee.cpp */,
				C58F38061F55F2A600F2137C /* BasePlusCommissionEmployee.h */,
				C58F38071F55F3BA00F2137C /* BasePlusCommissionEmployee.cpp */,
				C5454C2F1F58902100866234 /* Employee.h */,
				C5454C311F58917D00866234 /* Employee.cpp */,
				C5454C331F5893AE00866234 /* SalariedEmployee.h */,
				C5454C341F5894A100866234 /* SalariedEmployee.cpp */,
			);
			path = Chapter11;
			sourceTree = "<group>";
		};
/* End PBXGroup section */

/* Begin PBXNativeTarget section */
		C58F37F81F55E20F00F2137C /* Chapter11 */ = {
			isa = PBXNativeTarget;
			buildConfigurationList = C58F38001F55E20F00F2137C /* Build configuration list for PBXNativeTarget "Chapter11" */;
			buildPhases = (
				C58F37F51F55E20F00F2137C /* Sources */,
				C58F37F61F55E20F00F2137C /* Frameworks */,
				C58F37F71F55E20F00F2137C /* CopyFiles */,
			);
			buildRules = (
			);
			dependencies = (
			);
			name = Chapter11;
			productName = Chapter11;
			productReference = C58F37F91F55E20F00F2137C /* Chapter11 */;
			productType = "com.apple.product-type.tool";
		};
/* End PBXNativeTarget section */

/* Begin PBXProject section */
		C58F37F11F55E20E00F2137C /* Project object */ = {
			isa = PBXProject;
			attributes = {
				LastUpgradeCheck = 0830;
				ORGANIZATIONNAME = "Zhao Rui";
				TargetAttributes = {
					C58F37F81F55E20F00F2137C = {
						CreatedOnToolsVersion = 8.3;
						ProvisioningStyle = Automatic;
					};
				};
			};
			buildConfigurationList = C58F37F41F55E20F00F2137C /* Build configuration list for PBXProject "Chapter11" */;
			compatibilityVersion = "Xcode 3.2";
			developmentRegion = English;
			hasScannedForEncodings = 0;
			knownRegions = (
				en,
			);
			mainGroup = C58F37F01F55E20E00F2137C;
			productRefGroup = C58F37FA1F55E20F00F2137C /* Products */;
			projectDirPath = "";
			projectRoot = "";
			targets = (
				C58F37F81F55E20F00F2137C /* Chapter11 */,
			);
		};
/* End PBXProject section */

/* Begin PBXSourcesBuildPhase section */
		C58F37F51F55E20F00F2137C /* Sources */ = {
			isa = PBXSourcesBuildPhase;
			buildActionMask = 2147483647;
			files = (
				C5454C351F5894A100866234 /* SalariedEmployee.cpp in Sources */,
				C58F38051F55E45A00F2137C /* CommissionEmployee.cpp in Sources */,
				C5454C321F58917D00866234 /* Employee.cpp in Sources */,
				C58F37FD1F55E20F00F2137C /* main.cpp in Sources */,
				C58F38081F55F3BA00F2137C /* BasePlusCommissionEmployee.cpp in Sources */,
			);
			runOnlyForDeploymentPostprocessing = 0;
		};
/* End PBXSourcesBuildPhase section */

/* Begin XCBuildConfiguration section */
		C58F37FE1F55E20F00F2137C /* Debug */ = {
			isa = XCBuildConfiguration;
			buildSettings = {
				ALWAYS_SEARCH_USER_PATHS = NO;
				CLANG_ANALYZER_NONNULL = YES;
				CLANG_ANALYZER_NUMBER_OBJECT_CONVERSION = YES_AGGRESSIVE;
				CLANG_CXX_LANGUAGE_STANDARD = "gnu++0x";
				CLANG_CXX_LIBRARY = "libc++";
				CLANG_ENABLE_MODULES = YES;
				CLANG_ENABLE_OBJC_ARC = YES;
				CLANG_WARN_BOOL_CONVERSION = YES;
				CLANG_WARN_CONSTANT_CONVERSION = YES;
				CLANG_WARN_DIRECT_OBJC_ISA_USAGE = YES_ERROR;
				CLANG_WARN_DOCUMENTATION_COMMENTS = YES;
				CLANG_WARN_EMPTY_BODY = YES;
				CLANG_WARN_ENUM_CONVERSION = YES;
				CLANG_WARN_INFINITE_RECURSION = YES;
				CLANG_WARN_INT_CONVERSION = YES;
				CLANG_WARN_OBJC_ROOT_CLASS = YES_ERROR;
				CLANG_WARN_SUSPICIOUS_MOVE = YES;
				CLANG_WARN_UNREACHABLE_CODE = YES;
				CLANG_WARN__DUPLICATE_METHOD_MATCH = YES;
				CODE_SIGN_IDENTITY = "-";
				COPY_PHASE_STRIP = NO;
				DEBUG_INFORMATION_FORMAT = dwarf;
				ENABLE_STRICT_OBJC_MSGSEND = YES;
				ENABLE_TESTABILITY = YES;
				GCC_C_LANGUAGE_STANDARD = gnu99;
				GCC_DYNAMIC_NO_PIC = NO;
				GCC_NO_COMMON_BLOCKS = YES;
				GCC_OPTIMIZATION_LEVEL = 0;
				GCC_PREPROCESSOR_DEFINITIONS = (
					"DEBUG=1",
					"$(inherited)",
				);
				GCC_WARN_64_TO_32_BIT_CONVERSION = YES;
				GCC_WARN_ABOUT_RETURN_TYPE = YES_ERROR;
				GCC_WARN_UNDECLARED_SELECTOR = YES;
				GCC_WARN_UNINITIALIZED_AUTOS = YES_AGGRESSIVE;
				GCC_WARN_UNUSED_FUNCTION = YES;
				GCC_WARN_UNUSED_VARIABLE = YES;
				MACOSX_DEPLOYMENT_TARGET = 10.12;
				MTL_ENABLE_DEBUG_INFO = YES;
				ONLY_ACTIVE_ARCH = YES;
				SDKROOT = macosx;
			};
			name = Debug;
		};
		C58F37FF1F55E20F00F2137C /* Release */ = {
			isa = XCBuildConfiguration;
			buildSettings = {
				ALWAYS_SEARCH_USER_PATHS = NO;
				CLANG_ANALYZER_NONNULL = YES;
				CLANG_ANALYZER_NUMBER_OBJECT_CONVERSION = YES_AGGRESSIVE;
				CLANG_CXX_LANGUAGE_STANDARD = "gnu++0x";
				CLANG_CXX_LIBRARY = "libc++";
				CLANG_ENABLE_MODULES = YES;
				CLANG_ENABLE_OBJC_ARC = YES;
				CLANG_WARN_BOOL_CONVERSION = YES;
				CLANG_WARN_CONSTANT_CONVERSION = YES;
				CLANG_WARN_DIRECT_OBJC_ISA_USAGE = YES_ERROR;
				CLANG_WARN_DOCUMENTATION_COMMENTS = YES;
				CLANG_WARN_EMPTY_BODY = YES;
				CLANG_WARN_ENUM_CONVERSION = YES;
				CLANG_WARN_INFINITE_RECURSION = YES;
				CLANG_WARN_INT_CONVERSION = YES;
				CLANG_WARN_OBJC_ROOT_CLASS = YES_ERROR;
				CLANG_WARN_SUSPICIOUS_MOVE = YES;
				CLANG_WARN_UNREACHABLE_CODE = YES;
				CLANG_WARN__DUPLICATE_METHOD_MATCH = YES;
				CODE_SIGN_IDENTITY = "-";
				COPY_PHASE_STRIP = NO;
				DEBUG_INFORMATION_FORMAT = "dwarf-with-dsym";
				ENABLE_NS_ASSERTIONS = NO;
				ENABLE_STRICT_OBJC_MSGSEND = YES;
				GCC_C_LANGUAGE_STANDARD = gnu99;
				GCC_NO_COMMON_BLOCKS = YES;
				GCC_WARN_64_TO_32_BIT_CONVERSION = YES;
				GCC_WARN_ABOUT_RETURN_TYPE = YES_ERROR;
				GCC_WARN_UNDECLARED_SELECTOR = YES;
				GCC_WARN_UNINITIALIZED_AUTOS = YES_AGGRESSIVE;
				GCC_WARN_UNUSED_FUNCTION = YES;
				GCC_WARN_UNUSED_VARIABLE = YES;
				MACOSX_DEPLOYMENT_TARGET = 10.12;
				MTL_ENABLE_DEBUG_INFO = NO;
				SDKROOT = macosx;
			};
			name = Release;
		};
		C58F38011F55E20F00F2137C /* Debug */ = {
			isa = XCBuildConfiguration;
			buildSettings = {
				PRODUCT_NAME = "$(TARGET_NAME)";
			};
			name = Debug;
		};
		C58F38021F55E20F00F2137C /* Release */ = {
			isa = XCBuildConfiguration;
			buildSettings = {
				PRODUCT_NAME = "$(TARGET_NAME)";
			};
			name = Release;
		};
/* End XCBuildConfiguration section */

/* Begin XCConfigurationList section */
		C58F37F41F55E20F00F2137C /* Build configuration list for PBXProject "Chapter11" */ = {
			isa = XCConfigurationList;
			buildConfigurations = (
				C58F37FE1F55E20F00F2137C /* Debug */,
				C58F37FF1F55E20F00F2137C /* Release */,
			);
			defaultConfigurationIsVisible = 0;
			defaultConfigurationName = Release;
		};
		C58F38001F55E20F00F2137C /* Build configuration list for PBXNativeTarget "Chapter11" */ = {
			isa = XCConfigurationList;
			buildConfigurations = (
				C58F38011F55E20F00F2137C /* Debug */,
				C58F38021F55E20F00F2137C /* Release */,
			);
			defaultConfigurationIsVisible = 0;
			defaultConfigurationName = Release;
		};
/* End XCConfigurationList section */
	};
	rootObject = C58F37F11F55E20E00F2137C /* Project object */;
}
